
Microsoft Visual Studio Solution File, Format Version 12.00
# Visual Studio Version 17
VisualStudioVersion = 17.9.34607.119
MinimumVisualStudioVersion = 10.0.40219.1
Project("{B7DD6F7E-DEF8-4E67-B5B7-07EF123DB6F0}") = "MiladyCraftInstaller", "miladycraft-bootstrapper\MiladyCraftInstaller.wixproj", "{9719B566-D83A-43F4-9CF4-3BA063A61A6D}"
	ProjectSection(ProjectDependencies) = postProject
		{AF6ABA74-E185-4110-9DF2-8AFB3E59D89D} = {AF6ABA74-E185-4110-9DF2-8AFB3E59D89D}
	EndProjectSection
EndProject
Project("{9A19103F-16F7-4668-BE54-9A1E7A4F7556}") = "CheckJDK", "CheckJDK\CheckJDK.csproj", "{4ED89CB9-B973-4843-B513-458400CD6148}"
EndProject
Project("{B7DD6F7E-DEF8-4E67-B5B7-07EF123DB6F0}") = "miladycraft-installer", "miladycraft-installer\miladycraft-installer.wixproj", "{AF6ABA74-E185-4110-9DF2-8AFB3E59D89D}"
EndProject
Global
	GlobalSection(SolutionConfigurationPlatforms) = preSolution
		Debug|Any CPU = Debug|Any CPU
		Debug|ARM64 = Debug|ARM64
		Debug|x64 = Debug|x64
		Debug|x86 = Debug|x86
		Release|Any CPU = Release|Any CPU
		Release|ARM64 = Release|ARM64
		Release|x64 = Release|x64
		Release|x86 = Release|x86
	EndGlobalSection
	GlobalSection(ProjectConfigurationPlatforms) = postSolution
		{9719B566-D83A-43F4-9CF4-3BA063A61A6D}.Debug|Any CPU.ActiveCfg = Debug|x64
		{9719B566-D83A-43F4-9CF4-3BA063A61A6D}.Debug|Any CPU.Build.0 = Debug|x64
		{9719B566-D83A-43F4-9CF4-3BA063A61A6D}.Debug|ARM64.ActiveCfg = Debug|ARM64
		{9719B566-D83A-43F4-9CF4-3BA063A61A6D}.Debug|ARM64.Build.0 = Debug|ARM64
		{9719B566-D83A-43F4-9CF4-3BA063A61A6D}.Debug|x64.ActiveCfg = Debug|x64
		{9719B566-D83A-43F4-9CF4-3BA063A61A6D}.Debug|x64.Build.0 = Debug|x64
		{9719B566-D83A-43F4-9CF4-3BA063A61A6D}.Debug|x86.ActiveCfg = Debug|x86
		{9719B566-D83A-43F4-9CF4-3BA063A61A6D}.Debug|x86.Build.0 = Debug|x86
		{9719B566-D83A-43F4-9CF4-3BA063A61A6D}.Release|Any CPU.ActiveCfg = Release|x64
		{9719B566-D83A-43F4-9CF4-3BA063A61A6D}.Release|Any CPU.Build.0 = Release|x64
		{9719B566-D83A-43F4-9CF4-3BA063A61A6D}.Release|ARM64.ActiveCfg = Release|ARM64
		{9719B566-D83A-43F4-9CF4-3BA063A61A6D}.Release|ARM64.Build.0 = Release|ARM64
		{9719B566-D83A-43F4-9CF4-3BA063A61A6D}.Release|x64.ActiveCfg = Release|x64
		{9719B566-D83A-43F4-9CF4-3BA063A61A6D}.Release|x64.Build.0 = Release|x64
		{9719B566-D83A-43F4-9CF4-3BA063A61A6D}.Release|x86.ActiveCfg = Release|x86
		{9719B566-D83A-43F4-9CF4-3BA063A61A6D}.Release|x86.Build.0 = Release|x86
		{4ED89CB9-B973-4843-B513-458400CD6148}.Debug|Any CPU.ActiveCfg = Debug|Any CPU
		{4ED89CB9-B973-4843-B513-458400CD6148}.Debug|Any CPU.Build.0 = Debug|Any CPU
		{4ED89CB9-B973-4843-B513-458400CD6148}.Debug|ARM64.ActiveCfg = Debug|Any CPU
		{4ED89CB9-B973-4843-B513-458400CD6148}.Debug|ARM64.Build.0 = Debug|Any CPU
		{4ED89CB9-B973-4843-B513-458400CD6148}.Debug|x64.ActiveCfg = Debug|Any CPU
		{4ED89CB9-B973-4843-B513-458400CD6148}.Debug|x64.Build.0 = Debug|Any CPU
		{4ED89CB9-B973-4843-B513-458400CD6148}.Debug|x86.ActiveCfg = Debug|Any CPU
		{4ED89CB9-B973-4843-B513-458400CD6148}.Debug|x86.Build.0 = Debug|Any CPU
		{4ED89CB9-B973-4843-B513-458400CD6148}.Release|Any CPU.ActiveCfg = Release|Any CPU
		{4ED89CB9-B973-4843-B513-458400CD6148}.Release|Any CPU.Build.0 = Release|Any CPU
		{4ED89CB9-B973-4843-B513-458400CD6148}.Release|ARM64.ActiveCfg = Release|Any CPU
		{4ED89CB9-B973-4843-B513-458400CD6148}.Release|ARM64.Build.0 = Release|Any CPU
		{4ED89CB9-B973-4843-B513-458400CD6148}.Release|x64.ActiveCfg = Release|Any CPU
		{4ED89CB9-B973-4843-B513-458400CD6148}.Release|x64.Build.0 = Release|Any CPU
		{4ED89CB9-B973-4843-B513-458400CD6148}.Release|x86.ActiveCfg = Release|Any CPU
		{4ED89CB9-B973-4843-B513-458400CD6148}.Release|x86.Build.0 = Release|Any CPU
		{AF6ABA74-E185-4110-9DF2-8AFB3E59D89D}.Debug|Any CPU.ActiveCfg = Debug|x64
		{AF6ABA74-E185-4110-9DF2-8AFB3E59D89D}.Debug|Any CPU.Build.0 = Debug|x64
		{AF6ABA74-E185-4110-9DF2-8AFB3E59D89D}.Debug|ARM64.ActiveCfg = Debug|ARM64
		{AF6ABA74-E185-4110-9DF2-8AFB3E59D89D}.Debug|ARM64.Build.0 = Debug|ARM64
		{AF6ABA74-E185-4110-9DF2-8AFB3E59D89D}.Debug|x64.ActiveCfg = Debug|x64
		{AF6ABA74-E185-4110-9DF2-8AFB3E59D89D}.Debug|x64.Build.0 = Debug|x64
		{AF6ABA74-E185-4110-9DF2-8AFB3E59D89D}.Debug|x86.ActiveCfg = Debug|x86
		{AF6ABA74-E185-4110-9DF2-8AFB3E59D89D}.Debug|x86.Build.0 = Debug|x86
		{AF6ABA74-E185-4110-9DF2-8AFB3E59D89D}.Release|Any CPU.ActiveCfg = Release|x64
		{AF6ABA74-E185-4110-9DF2-8AFB3E59D89D}.Release|Any CPU.Build.0 = Release|x64
		{AF6ABA74-E185-4110-9DF2-8AFB3E59D89D}.Release|ARM64.ActiveCfg = Release|ARM64
		{AF6ABA74-E185-4110-9DF2-8AFB3E59D89D}.Release|ARM64.Build.0 = Release|ARM64
		{AF6ABA74-E185-4110-9DF2-8AFB3E59D89D}.Release|x64.ActiveCfg = Release|x64
		{AF6ABA74-E185-4110-9DF2-8AFB3E59D89D}.Release|x64.Build.0 = Release|x64
		{AF6ABA74-E185-4110-9DF2-8AFB3E59D89D}.Release|x86.ActiveCfg = Release|x86
		{AF6ABA74-E185-4110-9DF2-8AFB3E59D89D}.Release|x86.Build.0 = Release|x86
	EndGlobalSection
	GlobalSection(SolutionProperties) = preSolution
		HideSolutionNode = FALSE
	EndGlobalSection
	GlobalSection(ExtensibilityGlobals) = postSolution
		SolutionGuid = {13A68F78-BC4C-4B24-BE4E-71448DCE270C}
	EndGlobalSection
EndGlobal
